
Microsoft Visual Studio Solution File, Format Version 12.00
# Visual Studio 2013
VisualStudioVersion = 12.0.31101.0
MinimumVisualStudioVersion = 10.0.40219.1
Project("{FAE04EC0-301F-11D3-BF4B-00C04F79EFBC}") = "Prueba Reloj Cuenta Atras", "Prueba Reloj Cuenta Atras\Prueba Reloj Cuenta Atras.csproj", "{4DB1BCB8-A5BF-4F10-970E-B829CA0A20B9}"
EndProject
Project("{54435603-DBB4-11D2-8724-00A0C9A8B90C}") = "SetupPomodoro", "SetupPomodoro\SetupPomodoro.vdproj", "{3CB79FC4-44A0-4AD6-9186-A7466443F040}"
EndProject
Global
	GlobalSection(SolutionConfigurationPlatforms) = preSolution
		Debug|x86 = Debug|x86
		Release|x86 = Release|x86
	EndGlobalSection
	GlobalSection(ProjectConfigurationPlatforms) = postSolution
		{4DB1BCB8-A5BF-4F10-970E-B829CA0A20B9}.Debug|x86.ActiveCfg = Debug|x86
		{4DB1BCB8-A5BF-4F10-970E-B829CA0A20B9}.Debug|x86.Build.0 = Debug|x86
		{4DB1BCB8-A5BF-4F10-970E-B829CA0A20B9}.Release|x86.ActiveCfg = Release|x86
		{4DB1BCB8-A5BF-4F10-970E-B829CA0A20B9}.Release|x86.Build.0 = Release|x86
		{3CB79FC4-44A0-4AD6-9186-A7466443F040}.Debug|x86.ActiveCfg = Debug
		{3CB79FC4-44A0-4AD6-9186-A7466443F040}.Release|x86.ActiveCfg = Release
	EndGlobalSection
	GlobalSection(SolutionProperties) = preSolution
		HideSolutionNode = FALSE
	EndGlobalSection
EndGlobal
